
Microsoft Visual Studio Solution File, Format Version 12.00
# Visual Studio Version 17
VisualStudioVersion = 17.13.35818.85
MinimumVisualStudioVersion = 10.0.40219.1
Project("{FAE04EC0-301F-11D3-BF4B-00C04F79EFBC}") = "FibonacciSeries", "FibonacciSeries\FibonacciSeries.csproj", "{F8C48F6C-B57D-471F-A11D-2C6CC2F25506}"
EndProject
Project("{FAE04EC0-301F-11D3-BF4B-00C04F79EFBC}") = "FibonacciClassLibrary", "FibonacciClassLibrary\FibonacciClassLibrary.csproj", "{708EF206-CA64-4071-A5F0-AFB1A5113458}"
EndProject
Global
	GlobalSection(SolutionConfigurationPlatforms) = preSolution
		Debug|Any CPU = Debug|Any CPU
		Release|Any CPU = Release|Any CPU
	EndGlobalSection
	GlobalSection(ProjectConfigurationPlatforms) = postSolution
		{F8C48F6C-B57D-471F-A11D-2C6CC2F25506}.Debug|Any CPU.ActiveCfg = Debug|Any CPU
		{F8C48F6C-B57D-471F-A11D-2C6CC2F25506}.Debug|Any CPU.Build.0 = Debug|Any CPU
		{F8C48F6C-B57D-471F-A11D-2C6CC2F25506}.Release|Any CPU.ActiveCfg = Release|Any CPU
		{F8C48F6C-B57D-471F-A11D-2C6CC2F25506}.Release|Any CPU.Build.0 = Release|Any CPU
		{708EF206-CA64-4071-A5F0-AFB1A5113458}.Debug|Any CPU.ActiveCfg = Debug|Any CPU
		{708EF206-CA64-4071-A5F0-AFB1A5113458}.Debug|Any CPU.Build.0 = Debug|Any CPU
		{708EF206-CA64-4071-A5F0-AFB1A5113458}.Release|Any CPU.ActiveCfg = Release|Any CPU
		{708EF206-CA64-4071-A5F0-AFB1A5113458}.Release|Any CPU.Build.0 = Release|Any CPU
	EndGlobalSection
	GlobalSection(SolutionProperties) = preSolution
		HideSolutionNode = FALSE
	EndGlobalSection
	GlobalSection(ExtensibilityGlobals) = postSolution
		SolutionGuid = {1FFBF5EE-AFA8-4877-AF2D-64C3CF1B0730}
	EndGlobalSection
EndGlobal
